
Microsoft Visual Studio Solution File, Format Version 12.00
# Visual Studio 15
VisualStudioVersion = 15.0.28307.779
MinimumVisualStudioVersion = 10.0.40219.1
Project("{FAE04EC0-301F-11D3-BF4B-00C04F79EFBC}") = "P1_Sup_Base", "P1_Sup_Base\P1_Sup_Base.csproj", "{490E03E8-1ABC-4799-8550-39DA6941AFF5}"
EndProject
Project("{FAE04EC0-301F-11D3-BF4B-00C04F79EFBC}") = "CharacterTest", "CharacterTest\CharacterTest.csproj", "{B912647D-5366-4FFF-8685-1680DE81EC6E}"
EndProject
Global
	GlobalSection(SolutionConfigurationPlatforms) = preSolution
		Debug|Any CPU = Debug|Any CPU
		Release|Any CPU = Release|Any CPU
	EndGlobalSection
	GlobalSection(ProjectConfigurationPlatforms) = postSolution
		{490E03E8-1ABC-4799-8550-39DA6941AFF5}.Debug|Any CPU.ActiveCfg = Debug|Any CPU
		{490E03E8-1ABC-4799-8550-39DA6941AFF5}.Debug|Any CPU.Build.0 = Debug|Any CPU
		{490E03E8-1ABC-4799-8550-39DA6941AFF5}.Release|Any CPU.ActiveCfg = Release|Any CPU
		{490E03E8-1ABC-4799-8550-39DA6941AFF5}.Release|Any CPU.Build.0 = Release|Any CPU
		{B912647D-5366-4FFF-8685-1680DE81EC6E}.Debug|Any CPU.ActiveCfg = Debug|Any CPU
		{B912647D-5366-4FFF-8685-1680DE81EC6E}.Debug|Any CPU.Build.0 = Debug|Any CPU
		{B912647D-5366-4FFF-8685-1680DE81EC6E}.Release|Any CPU.ActiveCfg = Release|Any CPU
		{B912647D-5366-4FFF-8685-1680DE81EC6E}.Release|Any CPU.Build.0 = Release|Any CPU
	EndGlobalSection
	GlobalSection(SolutionProperties) = preSolution
		HideSolutionNode = FALSE
	EndGlobalSection
	GlobalSection(ExtensibilityGlobals) = postSolution
		SolutionGuid = {67D1FAFF-88B5-4DCA-823F-2038601978DB}
	EndGlobalSection
EndGlobal
